
Microsoft Visual Studio Solution File, Format Version 12.00
# Visual Studio Version 16
VisualStudioVersion = 16.0.29230.47
MinimumVisualStudioVersion = 10.0.40219.1
Project("{FAE04EC0-301F-11D3-BF4B-00C04F79EFBC}") = "SimpleCalculator.Test.Unit", "SimpleCalculator.Test.Unit\SimpleCalculator.Test.Unit.csproj", "{BC7868B7-138F-4D16-B172-74D260A4207C}"
EndProject
Project("{FAE04EC0-301F-11D3-BF4B-00C04F79EFBC}") = "SimpleCalculator", "ConsoleApp1\SimpleCalculator.csproj", "{8BA5FEF7-388E-4FF2-8367-E3DABB6837D8}"
EndProject
Global
	GlobalSection(SolutionConfigurationPlatforms) = preSolution
		Debug|Any CPU = Debug|Any CPU
		Release|Any CPU = Release|Any CPU
	EndGlobalSection
	GlobalSection(ProjectConfigurationPlatforms) = postSolution
		{BC7868B7-138F-4D16-B172-74D260A4207C}.Debug|Any CPU.ActiveCfg = Debug|Any CPU
		{BC7868B7-138F-4D16-B172-74D260A4207C}.Debug|Any CPU.Build.0 = Debug|Any CPU
		{BC7868B7-138F-4D16-B172-74D260A4207C}.Release|Any CPU.ActiveCfg = Release|Any CPU
		{BC7868B7-138F-4D16-B172-74D260A4207C}.Release|Any CPU.Build.0 = Release|Any CPU
		{8BA5FEF7-388E-4FF2-8367-E3DABB6837D8}.Debug|Any CPU.ActiveCfg = Debug|Any CPU
		{8BA5FEF7-388E-4FF2-8367-E3DABB6837D8}.Debug|Any CPU.Build.0 = Debug|Any CPU
		{8BA5FEF7-388E-4FF2-8367-E3DABB6837D8}.Release|Any CPU.ActiveCfg = Release|Any CPU
		{8BA5FEF7-388E-4FF2-8367-E3DABB6837D8}.Release|Any CPU.Build.0 = Release|Any CPU
	EndGlobalSection
	GlobalSection(SolutionProperties) = preSolution
		HideSolutionNode = FALSE
	EndGlobalSection
	GlobalSection(ExtensibilityGlobals) = postSolution
		SolutionGuid = {E08DE93D-04C8-4D2C-8123-CA13DC2DF8B8}
	EndGlobalSection
EndGlobal
